
Microsoft Visual Studio Solution File, Format Version 12.00
# Visual Studio 2013
VisualStudioVersion = 12.0.31101.0
MinimumVisualStudioVersion = 10.0.40219.1
Project("{FAE04EC0-301F-11D3-BF4B-00C04F79EFBC}") = "Personal.Health.Record", "Personal.Health.Record\Personal.Health.Record.csproj", "{CD625498-BC17-4413-B02F-0FC3956B6C7D}"
EndProject
Project("{FAE04EC0-301F-11D3-BF4B-00C04F79EFBC}") = "Personal.Health.Models", "Personal.Health.Models\Personal.Health.Models.csproj", "{0F3E8B42-B189-41D5-B59E-259FCE16746E}"
EndProject
Project("{FAE04EC0-301F-11D3-BF4B-00C04F79EFBC}") = "Personal.Health.Services", "Personal.Health.Services\Personal.Health.Services.csproj", "{2AF5F2D4-1A27-4BE9-A724-43073F7750CD}"
EndProject
Project("{FAE04EC0-301F-11D3-BF4B-00C04F79EFBC}") = "Personal.Health.Services.Impl", "Personal.Health.Services.Impl\Personal.Health.Services.Impl.csproj", "{08CAECB4-BC4D-4EC2-8669-D581D82207CD}"
EndProject
Project("{FAE04EC0-301F-11D3-BF4B-00C04F79EFBC}") = "Personal.Health.Care.DesktopApp", "Personal.Health.Care.DesktopApp\Personal.Health.Care.DesktopApp.csproj", "{5595FA59-BBEB-41C8-A951-310C8EDCFF39}"
EndProject
Project("{FAE04EC0-301F-11D3-BF4B-00C04F79EFBC}") = "NInjectConfigProject", "NInjectConfigProject\NInjectConfigProject.csproj", "{964CA4C5-CABF-4BDD-AFA9-CD15D7CCA645}"
EndProject
Global
	GlobalSection(SolutionConfigurationPlatforms) = preSolution
		Debug|Any CPU = Debug|Any CPU
		Release|Any CPU = Release|Any CPU
	EndGlobalSection
	GlobalSection(ProjectConfigurationPlatforms) = postSolution
		{CD625498-BC17-4413-B02F-0FC3956B6C7D}.Debug|Any CPU.ActiveCfg = Debug|Any CPU
		{CD625498-BC17-4413-B02F-0FC3956B6C7D}.Debug|Any CPU.Build.0 = Debug|Any CPU
		{CD625498-BC17-4413-B02F-0FC3956B6C7D}.Release|Any CPU.ActiveCfg = Release|Any CPU
		{CD625498-BC17-4413-B02F-0FC3956B6C7D}.Release|Any CPU.Build.0 = Release|Any CPU
		{0F3E8B42-B189-41D5-B59E-259FCE16746E}.Debug|Any CPU.ActiveCfg = Debug|Any CPU
		{0F3E8B42-B189-41D5-B59E-259FCE16746E}.Debug|Any CPU.Build.0 = Debug|Any CPU
		{0F3E8B42-B189-41D5-B59E-259FCE16746E}.Release|Any CPU.ActiveCfg = Release|Any CPU
		{0F3E8B42-B189-41D5-B59E-259FCE16746E}.Release|Any CPU.Build.0 = Release|Any CPU
		{2AF5F2D4-1A27-4BE9-A724-43073F7750CD}.Debug|Any CPU.ActiveCfg = Debug|Any CPU
		{2AF5F2D4-1A27-4BE9-A724-43073F7750CD}.Debug|Any CPU.Build.0 = Debug|Any CPU
		{2AF5F2D4-1A27-4BE9-A724-43073F7750CD}.Release|Any CPU.ActiveCfg = Release|Any CPU
		{2AF5F2D4-1A27-4BE9-A724-43073F7750CD}.Release|Any CPU.Build.0 = Release|Any CPU
		{08CAECB4-BC4D-4EC2-8669-D581D82207CD}.Debug|Any CPU.ActiveCfg = Debug|Any CPU
		{08CAECB4-BC4D-4EC2-8669-D581D82207CD}.Debug|Any CPU.Build.0 = Debug|Any CPU
		{08CAECB4-BC4D-4EC2-8669-D581D82207CD}.Release|Any CPU.ActiveCfg = Release|Any CPU
		{08CAECB4-BC4D-4EC2-8669-D581D82207CD}.Release|Any CPU.Build.0 = Release|Any CPU
		{5595FA59-BBEB-41C8-A951-310C8EDCFF39}.Debug|Any CPU.ActiveCfg = Debug|Any CPU
		{5595FA59-BBEB-41C8-A951-310C8EDCFF39}.Debug|Any CPU.Build.0 = Debug|Any CPU
		{5595FA59-BBEB-41C8-A951-310C8EDCFF39}.Release|Any CPU.ActiveCfg = Release|Any CPU
		{5595FA59-BBEB-41C8-A951-310C8EDCFF39}.Release|Any CPU.Build.0 = Release|Any CPU
		{964CA4C5-CABF-4BDD-AFA9-CD15D7CCA645}.Debug|Any CPU.ActiveCfg = Debug|Any CPU
		{964CA4C5-CABF-4BDD-AFA9-CD15D7CCA645}.Debug|Any CPU.Build.0 = Debug|Any CPU
		{964CA4C5-CABF-4BDD-AFA9-CD15D7CCA645}.Release|Any CPU.ActiveCfg = Release|Any CPU
		{964CA4C5-CABF-4BDD-AFA9-CD15D7CCA645}.Release|Any CPU.Build.0 = Release|Any CPU
	EndGlobalSection
	GlobalSection(SolutionProperties) = preSolution
		HideSolutionNode = FALSE
	EndGlobalSection
EndGlobal
